
Microsoft Visual Studio Solution File, Format Version 10.00
# Visual Studio 2008
Project("{2150E333-8FDC-42A3-9474-1A3956D46DE8}") = "OSPS.AppFramework", "OSPS.AppFramework", "{E227CB21-E655-427A-8007-812929907929}"
EndProject
Project("{2150E333-8FDC-42A3-9474-1A3956D46DE8}") = "OSPS.Business", "OSPS.Business", "{397E3F98-EE70-48F2-93AA-75D0583A1765}"
EndProject
Project("{FAE04EC0-301F-11D3-BF4B-00C04F79EFBC}") = "OSPS.AppFramework.AccessDatabase", "AppFramework\OSPS.AppFramework.AccessDatabase\OSPS.AppFramework.AccessDatabase.csproj", "{A9D3112E-3B9F-4EB1-81C7-72A2C751D8E9}"
EndProject
Project("{FAE04EC0-301F-11D3-BF4B-00C04F79EFBC}") = "OSPS.AppFramework.Shell", "AppFramework\OSPS.AppFramework.Shell\OSPS.AppFramework.Shell.csproj", "{2F7E8911-4EA7-4D3B-BCC5-A41162B2C418}"
EndProject
Project("{FAE04EC0-301F-11D3-BF4B-00C04F79EFBC}") = "OSPS.AppFramework.ViewBase", "AppFramework\OSPS.AppFramework.ViewBase\OSPS.AppFramework.ViewBase.csproj", "{6363BD14-E531-416C-A0C2-0743AA274CC8}"
EndProject
Project("{2150E333-8FDC-42A3-9474-1A3956D46DE8}") = "OSPS.SysConfigure", "OSPS.SysConfigure", "{818E6914-F527-492B-A843-2BBA0DA96F86}"
EndProject
Project("{FAE04EC0-301F-11D3-BF4B-00C04F79EFBC}") = "OSPS.SysConfigure.SystemInfo", "SysConfigure\OSPS.SysConfigure.SystemInfo\OSPS.SysConfigure.SystemInfo.csproj", "{DB029211-69FC-49DB-A6C4-958830040439}"
EndProject
Project("{FAE04EC0-301F-11D3-BF4B-00C04F79EFBC}") = "OSPS.SysConfigure.UserInfo", "SysConfigure\OSPS.SysConfigure.UserInfo\OSPS.SysConfigure.UserInfo.csproj", "{5630E5B4-6891-4557-9E99-13A10596735A}"
EndProject
Project("{FAE04EC0-301F-11D3-BF4B-00C04F79EFBC}") = "OSPS.AppFramework.Common", "AppFramework\OSPS.AppFramework.Common\OSPS.AppFramework.Common.csproj", "{60802933-BD17-4A87-A3EB-0CCE1D4F34AA}"
EndProject
Project("{FAE04EC0-301F-11D3-BF4B-00C04F79EFBC}") = "OSPS.AppFramework.DBModule", "AppFramework\OSPS.AppFramework.DBModule\OSPS.AppFramework.DBModule.csproj", "{BABBD990-464F-4F7C-889E-562078E099D9}"
EndProject
Project("{FAE04EC0-301F-11D3-BF4B-00C04F79EFBC}") = "OSPS.AppFramework.VLicense", "AppFramework\OSPS.AppFramework.VLicense\OSPS.AppFramework.VLicense.csproj", "{BAE79B32-A77B-4E0D-8669-EBF134DEE9BB}"
EndProject
Project("{2150E333-8FDC-42A3-9474-1A3956D46DE8}") = "OSPS.Device", "OSPS.Device", "{66CE564A-1A67-45DF-A0B4-9CF24F403B35}"
EndProject
Project("{FAE04EC0-301F-11D3-BF4B-00C04F79EFBC}") = "OSPS.Device.LEDScreen", "Device\OSPS.Device.LEDScreen\OSPS.Device.LEDScreen.csproj", "{1BAAF11F-196C-45B4-B401-B6C2D9DD293C}"
EndProject
Project("{FAE04EC0-301F-11D3-BF4B-00C04F79EFBC}") = "OSPS.Device.HikCamera", "Device\OSPS.Device.HikCamera\OSPS.Device.HikCamera.csproj", "{0CA3218D-2D4F-4B62-B66D-6A171B125B13}"
EndProject
Project("{FAE04EC0-301F-11D3-BF4B-00C04F79EFBC}") = "OSPS.Device.AdamModule", "Device\OSPS.Device.AdamModule\OSPS.Device.AdamModule.csproj", "{A6E3B9C7-0601-4456-8935-C67E58BD8869}"
EndProject
Project("{F184B08F-C81C-45F6-A57F-5ABD9991F28F}") = "OSPS.AppFramework.Wincom", "AppFramework\OSPS.AppFramework.Wincom\OSPS.AppFramework.Wincom.vbproj", "{A76FB568-B0D0-4843-B69B-2A204315B0B3}"
EndProject
Project("{FAE04EC0-301F-11D3-BF4B-00C04F79EFBC}") = "OSPS.Business.CommonFormFunc", "Business\OSPS.Business.CommonFormFunc\OSPS.Business.CommonFormFunc.csproj", "{F33D29FD-1574-4393-8F05-18A301E3F971}"
EndProject
Project("{FAE04EC0-301F-11D3-BF4B-00C04F79EFBC}") = "OSPS.Device.NESTWebLibrary", "Device\OSPS.Device.NESTWebLibrary\OSPS.Device.NESTWebLibrary.csproj", "{1AC60C0D-BBCE-4762-A886-7F99BB86B013}"
EndProject
Project("{FAE04EC0-301F-11D3-BF4B-00C04F79EFBC}") = "OSPS.Device.HikSnap", "Device\OSPS.Device.HikSnap\OSPS.Device.HikSnap.csproj", "{4B714946-07D7-432F-9635-DABF659BCEB1}"
EndProject
Project("{2150E333-8FDC-42A3-9474-1A3956D46DE8}") = "OSPS.QueueMacine", "OSPS.QueueMacine", "{E19BA955-A087-4E91-B3E9-836D7B188569}"
EndProject
Global
	GlobalSection(SolutionConfigurationPlatforms) = preSolution
		32Bit|Any CPU = 32Bit|Any CPU
		32Bit|x64 = 32Bit|x64
		32Bit|x86 = 32Bit|x86
		Debug|Any CPU = Debug|Any CPU
		Debug|x64 = Debug|x64
		Debug|x86 = Debug|x86
		Release|Any CPU = Release|Any CPU
		Release|x64 = Release|x64
		Release|x86 = Release|x86
	EndGlobalSection
	GlobalSection(ProjectConfigurationPlatforms) = postSolution
		{A9D3112E-3B9F-4EB1-81C7-72A2C751D8E9}.32Bit|Any CPU.ActiveCfg = Release|Any CPU
		{A9D3112E-3B9F-4EB1-81C7-72A2C751D8E9}.32Bit|Any CPU.Build.0 = Release|Any CPU
		{A9D3112E-3B9F-4EB1-81C7-72A2C751D8E9}.32Bit|x64.ActiveCfg = Release|x64
		{A9D3112E-3B9F-4EB1-81C7-72A2C751D8E9}.32Bit|x64.Build.0 = Release|x64
		{A9D3112E-3B9F-4EB1-81C7-72A2C751D8E9}.32Bit|x86.ActiveCfg = Release|Any CPU
		{A9D3112E-3B9F-4EB1-81C7-72A2C751D8E9}.Debug|Any CPU.ActiveCfg = Debug|Any CPU
		{A9D3112E-3B9F-4EB1-81C7-72A2C751D8E9}.Debug|Any CPU.Build.0 = Debug|Any CPU
		{A9D3112E-3B9F-4EB1-81C7-72A2C751D8E9}.Debug|x64.ActiveCfg = Debug|x64
		{A9D3112E-3B9F-4EB1-81C7-72A2C751D8E9}.Debug|x64.Build.0 = Debug|x64
		{A9D3112E-3B9F-4EB1-81C7-72A2C751D8E9}.Debug|x86.ActiveCfg = Debug|Any CPU
		{A9D3112E-3B9F-4EB1-81C7-72A2C751D8E9}.Release|Any CPU.ActiveCfg = Release|Any CPU
		{A9D3112E-3B9F-4EB1-81C7-72A2C751D8E9}.Release|Any CPU.Build.0 = Release|Any CPU
		{A9D3112E-3B9F-4EB1-81C7-72A2C751D8E9}.Release|x64.ActiveCfg = Release|x64
		{A9D3112E-3B9F-4EB1-81C7-72A2C751D8E9}.Release|x64.Build.0 = Release|x64
		{A9D3112E-3B9F-4EB1-81C7-72A2C751D8E9}.Release|x86.ActiveCfg = Release|Any CPU
		{A9D3112E-3B9F-4EB1-81C7-72A2C751D8E9}.Release|x86.Build.0 = Release|Any CPU
		{2F7E8911-4EA7-4D3B-BCC5-A41162B2C418}.32Bit|Any CPU.ActiveCfg = Release|Any CPU
		{2F7E8911-4EA7-4D3B-BCC5-A41162B2C418}.32Bit|Any CPU.Build.0 = Release|Any CPU
		{2F7E8911-4EA7-4D3B-BCC5-A41162B2C418}.32Bit|x64.ActiveCfg = Release|x64
		{2F7E8911-4EA7-4D3B-BCC5-A41162B2C418}.32Bit|x64.Build.0 = Release|x64
		{2F7E8911-4EA7-4D3B-BCC5-A41162B2C418}.32Bit|x86.ActiveCfg = Release|Any CPU
		{2F7E8911-4EA7-4D3B-BCC5-A41162B2C418}.Debug|Any CPU.ActiveCfg = Debug|Any CPU
		{2F7E8911-4EA7-4D3B-BCC5-A41162B2C418}.Debug|Any CPU.Build.0 = Debug|Any CPU
		{2F7E8911-4EA7-4D3B-BCC5-A41162B2C418}.Debug|x64.ActiveCfg = Debug|x64
		{2F7E8911-4EA7-4D3B-BCC5-A41162B2C418}.Debug|x64.Build.0 = Debug|x64
		{2F7E8911-4EA7-4D3B-BCC5-A41162B2C418}.Debug|x86.ActiveCfg = Debug|Any CPU
		{2F7E8911-4EA7-4D3B-BCC5-A41162B2C418}.Release|Any CPU.ActiveCfg = Release|Any CPU
		{2F7E8911-4EA7-4D3B-BCC5-A41162B2C418}.Release|Any CPU.Build.0 = Release|Any CPU
		{2F7E8911-4EA7-4D3B-BCC5-A41162B2C418}.Release|x64.ActiveCfg = Release|x64
		{2F7E8911-4EA7-4D3B-BCC5-A41162B2C418}.Release|x64.Build.0 = Release|x64
		{2F7E8911-4EA7-4D3B-BCC5-A41162B2C418}.Release|x86.ActiveCfg = Release|Any CPU
		{2F7E8911-4EA7-4D3B-BCC5-A41162B2C418}.Release|x86.Build.0 = Release|Any CPU
		{6363BD14-E531-416C-A0C2-0743AA274CC8}.32Bit|Any CPU.ActiveCfg = Release|Any CPU
		{6363BD14-E531-416C-A0C2-0743AA274CC8}.32Bit|Any CPU.Build.0 = Release|Any CPU
		{6363BD14-E531-416C-A0C2-0743AA274CC8}.32Bit|x64.ActiveCfg = Release|x64
		{6363BD14-E531-416C-A0C2-0743AA274CC8}.32Bit|x64.Build.0 = Release|x64
		{6363BD14-E531-416C-A0C2-0743AA274CC8}.32Bit|x86.ActiveCfg = Release|Any CPU
		{6363BD14-E531-416C-A0C2-0743AA274CC8}.Debug|Any CPU.ActiveCfg = Debug|Any CPU
		{6363BD14-E531-416C-A0C2-0743AA274CC8}.Debug|Any CPU.Build.0 = Debug|Any CPU
		{6363BD14-E531-416C-A0C2-0743AA274CC8}.Debug|x64.ActiveCfg = Debug|x64
		{6363BD14-E531-416C-A0C2-0743AA274CC8}.Debug|x64.Build.0 = Debug|x64
		{6363BD14-E531-416C-A0C2-0743AA274CC8}.Debug|x86.ActiveCfg = Debug|Any CPU
		{6363BD14-E531-416C-A0C2-0743AA274CC8}.Release|Any CPU.ActiveCfg = Release|Any CPU
		{6363BD14-E531-416C-A0C2-0743AA274CC8}.Release|Any CPU.Build.0 = Release|Any CPU
		{6363BD14-E531-416C-A0C2-0743AA274CC8}.Release|x64.ActiveCfg = Release|x64
		{6363BD14-E531-416C-A0C2-0743AA274CC8}.Release|x64.Build.0 = Release|x64
		{6363BD14-E531-416C-A0C2-0743AA274CC8}.Release|x86.ActiveCfg = Release|Any CPU
		{DB029211-69FC-49DB-A6C4-958830040439}.32Bit|Any CPU.ActiveCfg = Release|Any CPU
		{DB029211-69FC-49DB-A6C4-958830040439}.32Bit|Any CPU.Build.0 = Release|Any CPU
		{DB029211-69FC-49DB-A6C4-958830040439}.32Bit|x64.ActiveCfg = Release|x64
		{DB029211-69FC-49DB-A6C4-958830040439}.32Bit|x64.Build.0 = Release|x64
		{DB029211-69FC-49DB-A6C4-958830040439}.32Bit|x86.ActiveCfg = Release|Any CPU
		{DB029211-69FC-49DB-A6C4-958830040439}.Debug|Any CPU.ActiveCfg = Debug|Any CPU
		{DB029211-69FC-49DB-A6C4-958830040439}.Debug|Any CPU.Build.0 = Debug|Any CPU
		{DB029211-69FC-49DB-A6C4-958830040439}.Debug|x64.ActiveCfg = Debug|x64
		{DB029211-69FC-49DB-A6C4-958830040439}.Debug|x64.Build.0 = Debug|x64
		{DB029211-69FC-49DB-A6C4-958830040439}.Debug|x86.ActiveCfg = Debug|Any CPU
		{DB029211-69FC-49DB-A6C4-958830040439}.Release|Any CPU.ActiveCfg = Release|Any CPU
		{DB029211-69FC-49DB-A6C4-958830040439}.Release|Any CPU.Build.0 = Release|Any CPU
		{DB029211-69FC-49DB-A6C4-958830040439}.Release|x64.ActiveCfg = Release|x64
		{DB029211-69FC-49DB-A6C4-958830040439}.Release|x64.Build.0 = Release|x64
		{DB029211-69FC-49DB-A6C4-958830040439}.Release|x86.ActiveCfg = Release|Any CPU
		{DB029211-69FC-49DB-A6C4-958830040439}.Release|x86.Build.0 = Release|Any CPU
		{5630E5B4-6891-4557-9E99-13A10596735A}.32Bit|Any CPU.ActiveCfg = Release|Any CPU
		{5630E5B4-6891-4557-9E99-13A10596735A}.32Bit|Any CPU.Build.0 = Release|Any CPU
		{5630E5B4-6891-4557-9E99-13A10596735A}.32Bit|x64.ActiveCfg = Release|x64
		{5630E5B4-6891-4557-9E99-13A10596735A}.32Bit|x64.Build.0 = Release|x64
		{5630E5B4-6891-4557-9E99-13A10596735A}.32Bit|x86.ActiveCfg = Release|Any CPU
		{5630E5B4-6891-4557-9E99-13A10596735A}.Debug|Any CPU.ActiveCfg = Debug|Any CPU
		{5630E5B4-6891-4557-9E99-13A10596735A}.Debug|Any CPU.Build.0 = Debug|Any CPU
		{5630E5B4-6891-4557-9E99-13A10596735A}.Debug|x64.ActiveCfg = Debug|x64
		{5630E5B4-6891-4557-9E99-13A10596735A}.Debug|x64.Build.0 = Debug|x64
		{5630E5B4-6891-4557-9E99-13A10596735A}.Debug|x86.ActiveCfg = Debug|Any CPU
		{5630E5B4-6891-4557-9E99-13A10596735A}.Release|Any CPU.ActiveCfg = Release|Any CPU
		{5630E5B4-6891-4557-9E99-13A10596735A}.Release|Any CPU.Build.0 = Release|Any CPU
		{5630E5B4-6891-4557-9E99-13A10596735A}.Release|x64.ActiveCfg = Release|x64
		{5630E5B4-6891-4557-9E99-13A10596735A}.Release|x64.Build.0 = Release|x64
		{5630E5B4-6891-4557-9E99-13A10596735A}.Release|x86.ActiveCfg = Release|Any CPU
		{5630E5B4-6891-4557-9E99-13A10596735A}.Release|x86.Build.0 = Release|Any CPU
		{60802933-BD17-4A87-A3EB-0CCE1D4F34AA}.32Bit|Any CPU.ActiveCfg = Release|Any CPU
		{60802933-BD17-4A87-A3EB-0CCE1D4F34AA}.32Bit|Any CPU.Build.0 = Release|Any CPU
		{60802933-BD17-4A87-A3EB-0CCE1D4F34AA}.32Bit|x64.ActiveCfg = Release|x64
		{60802933-BD17-4A87-A3EB-0CCE1D4F34AA}.32Bit|x64.Build.0 = Release|x64
		{60802933-BD17-4A87-A3EB-0CCE1D4F34AA}.32Bit|x86.ActiveCfg = Release|Any CPU
		{60802933-BD17-4A87-A3EB-0CCE1D4F34AA}.Debug|Any CPU.ActiveCfg = Debug|Any CPU
		{60802933-BD17-4A87-A3EB-0CCE1D4F34AA}.Debug|Any CPU.Build.0 = Debug|Any CPU
		{60802933-BD17-4A87-A3EB-0CCE1D4F34AA}.Debug|x64.ActiveCfg = Debug|x64
		{60802933-BD17-4A87-A3EB-0CCE1D4F34AA}.Debug|x64.Build.0 = Debug|x64
		{60802933-BD17-4A87-A3EB-0CCE1D4F34AA}.Debug|x86.ActiveCfg = Debug|Any CPU
		{60802933-BD17-4A87-A3EB-0CCE1D4F34AA}.Release|Any CPU.ActiveCfg = Release|Any CPU
		{60802933-BD17-4A87-A3EB-0CCE1D4F34AA}.Release|Any CPU.Build.0 = Release|Any CPU
		{60802933-BD17-4A87-A3EB-0CCE1D4F34AA}.Release|x64.ActiveCfg = Release|x64
		{60802933-BD17-4A87-A3EB-0CCE1D4F34AA}.Release|x64.Build.0 = Release|x64
		{60802933-BD17-4A87-A3EB-0CCE1D4F34AA}.Release|x86.ActiveCfg = Release|Any CPU
		{BABBD990-464F-4F7C-889E-562078E099D9}.32Bit|Any CPU.ActiveCfg = Release|Any CPU
		{BABBD990-464F-4F7C-889E-562078E099D9}.32Bit|Any CPU.Build.0 = Release|Any CPU
		{BABBD990-464F-4F7C-889E-562078E099D9}.32Bit|x64.ActiveCfg = Release|x64
		{BABBD990-464F-4F7C-889E-562078E099D9}.32Bit|x64.Build.0 = Release|x64
		{BABBD990-464F-4F7C-889E-562078E099D9}.32Bit|x86.ActiveCfg = Release|Any CPU
		{BABBD990-464F-4F7C-889E-562078E099D9}.Debug|Any CPU.ActiveCfg = Debug|Any CPU
		{BABBD990-464F-4F7C-889E-562078E099D9}.Debug|Any CPU.Build.0 = Debug|Any CPU
		{BABBD990-464F-4F7C-889E-562078E099D9}.Debug|x64.ActiveCfg = Debug|x64
		{BABBD990-464F-4F7C-889E-562078E099D9}.Debug|x64.Build.0 = Debug|x64
		{BABBD990-464F-4F7C-889E-562078E099D9}.Debug|x86.ActiveCfg = Debug|Any CPU
		{BABBD990-464F-4F7C-889E-562078E099D9}.Release|Any CPU.ActiveCfg = Release|Any CPU
		{BABBD990-464F-4F7C-889E-562078E099D9}.Release|Any CPU.Build.0 = Release|Any CPU
		{BABBD990-464F-4F7C-889E-562078E099D9}.Release|x64.ActiveCfg = Release|x64
		{BABBD990-464F-4F7C-889E-562078E099D9}.Release|x64.Build.0 = Release|x64
		{BABBD990-464F-4F7C-889E-562078E099D9}.Release|x86.ActiveCfg = Release|Any CPU
		{BAE79B32-A77B-4E0D-8669-EBF134DEE9BB}.32Bit|Any CPU.ActiveCfg = Release|Any CPU
		{BAE79B32-A77B-4E0D-8669-EBF134DEE9BB}.32Bit|Any CPU.Build.0 = Release|Any CPU
		{BAE79B32-A77B-4E0D-8669-EBF134DEE9BB}.32Bit|x64.ActiveCfg = Release|x64
		{BAE79B32-A77B-4E0D-8669-EBF134DEE9BB}.32Bit|x64.Build.0 = Release|x64
		{BAE79B32-A77B-4E0D-8669-EBF134DEE9BB}.32Bit|x86.ActiveCfg = Release|Any CPU
		{BAE79B32-A77B-4E0D-8669-EBF134DEE9BB}.Debug|Any CPU.ActiveCfg = Debug|Any CPU
		{BAE79B32-A77B-4E0D-8669-EBF134DEE9BB}.Debug|Any CPU.Build.0 = Debug|Any CPU
		{BAE79B32-A77B-4E0D-8669-EBF134DEE9BB}.Debug|x64.ActiveCfg = Debug|x64
		{BAE79B32-A77B-4E0D-8669-EBF134DEE9BB}.Debug|x64.Build.0 = Debug|x64
		{BAE79B32-A77B-4E0D-8669-EBF134DEE9BB}.Debug|x86.ActiveCfg = Debug|Any CPU
		{BAE79B32-A77B-4E0D-8669-EBF134DEE9BB}.Release|Any CPU.ActiveCfg = Release|Any CPU
		{BAE79B32-A77B-4E0D-8669-EBF134DEE9BB}.Release|Any CPU.Build.0 = Release|Any CPU
		{BAE79B32-A77B-4E0D-8669-EBF134DEE9BB}.Release|x64.ActiveCfg = Release|x64
		{BAE79B32-A77B-4E0D-8669-EBF134DEE9BB}.Release|x64.Build.0 = Release|x64
		{BAE79B32-A77B-4E0D-8669-EBF134DEE9BB}.Release|x86.ActiveCfg = Release|Any CPU
		{1BAAF11F-196C-45B4-B401-B6C2D9DD293C}.32Bit|Any CPU.ActiveCfg = Release|Any CPU
		{1BAAF11F-196C-45B4-B401-B6C2D9DD293C}.32Bit|Any CPU.Build.0 = Release|Any CPU
		{1BAAF11F-196C-45B4-B401-B6C2D9DD293C}.32Bit|x64.ActiveCfg = Release|x64
		{1BAAF11F-196C-45B4-B401-B6C2D9DD293C}.32Bit|x64.Build.0 = Release|x64
		{1BAAF11F-196C-45B4-B401-B6C2D9DD293C}.32Bit|x86.ActiveCfg = Release|Any CPU
		{1BAAF11F-196C-45B4-B401-B6C2D9DD293C}.Debug|Any CPU.ActiveCfg = Debug|Any CPU
		{1BAAF11F-196C-45B4-B401-B6C2D9DD293C}.Debug|Any CPU.Build.0 = Debug|Any CPU
		{1BAAF11F-196C-45B4-B401-B6C2D9DD293C}.Debug|x64.ActiveCfg = Debug|x64
		{1BAAF11F-196C-45B4-B401-B6C2D9DD293C}.Debug|x64.Build.0 = Debug|x64
		{1BAAF11F-196C-45B4-B401-B6C2D9DD293C}.Debug|x86.ActiveCfg = Debug|Any CPU
		{1BAAF11F-196C-45B4-B401-B6C2D9DD293C}.Release|Any CPU.ActiveCfg = Release|Any CPU
		{1BAAF11F-196C-45B4-B401-B6C2D9DD293C}.Release|Any CPU.Build.0 = Release|Any CPU
		{1BAAF11F-196C-45B4-B401-B6C2D9DD293C}.Release|x64.ActiveCfg = Release|x64
		{1BAAF11F-196C-45B4-B401-B6C2D9DD293C}.Release|x64.Build.0 = Release|x64
		{1BAAF11F-196C-45B4-B401-B6C2D9DD293C}.Release|x86.ActiveCfg = Release|Any CPU
		{1BAAF11F-196C-45B4-B401-B6C2D9DD293C}.Release|x86.Build.0 = Release|Any CPU
		{0CA3218D-2D4F-4B62-B66D-6A171B125B13}.32Bit|Any CPU.ActiveCfg = Release|Any CPU
		{0CA3218D-2D4F-4B62-B66D-6A171B125B13}.32Bit|Any CPU.Build.0 = Release|Any CPU
		{0CA3218D-2D4F-4B62-B66D-6A171B125B13}.32Bit|x64.ActiveCfg = Release|x64
		{0CA3218D-2D4F-4B62-B66D-6A171B125B13}.32Bit|x64.Build.0 = Release|x64
		{0CA3218D-2D4F-4B62-B66D-6A171B125B13}.32Bit|x86.ActiveCfg = Release|Any CPU
		{0CA3218D-2D4F-4B62-B66D-6A171B125B13}.Debug|Any CPU.ActiveCfg = Debug|Any CPU
		{0CA3218D-2D4F-4B62-B66D-6A171B125B13}.Debug|Any CPU.Build.0 = Debug|Any CPU
		{0CA3218D-2D4F-4B62-B66D-6A171B125B13}.Debug|x64.ActiveCfg = Debug|x64
		{0CA3218D-2D4F-4B62-B66D-6A171B125B13}.Debug|x64.Build.0 = Debug|x64
		{0CA3218D-2D4F-4B62-B66D-6A171B125B13}.Debug|x86.ActiveCfg = Debug|Any CPU
		{0CA3218D-2D4F-4B62-B66D-6A171B125B13}.Release|Any CPU.ActiveCfg = Release|Any CPU
		{0CA3218D-2D4F-4B62-B66D-6A171B125B13}.Release|Any CPU.Build.0 = Release|Any CPU
		{0CA3218D-2D4F-4B62-B66D-6A171B125B13}.Release|x64.ActiveCfg = Release|x64
		{0CA3218D-2D4F-4B62-B66D-6A171B125B13}.Release|x64.Build.0 = Release|x64
		{0CA3218D-2D4F-4B62-B66D-6A171B125B13}.Release|x86.ActiveCfg = Release|Any CPU
		{A6E3B9C7-0601-4456-8935-C67E58BD8869}.32Bit|Any CPU.ActiveCfg = Release|Any CPU
		{A6E3B9C7-0601-4456-8935-C67E58BD8869}.32Bit|Any CPU.Build.0 = Release|Any CPU
		{A6E3B9C7-0601-4456-8935-C67E58BD8869}.32Bit|x64.ActiveCfg = Release|x64
		{A6E3B9C7-0601-4456-8935-C67E58BD8869}.32Bit|x64.Build.0 = Release|x64
		{A6E3B9C7-0601-4456-8935-C67E58BD8869}.32Bit|x86.ActiveCfg = Release|Any CPU
		{A6E3B9C7-0601-4456-8935-C67E58BD8869}.Debug|Any CPU.ActiveCfg = Debug|Any CPU
		{A6E3B9C7-0601-4456-8935-C67E58BD8869}.Debug|Any CPU.Build.0 = Debug|Any CPU
		{A6E3B9C7-0601-4456-8935-C67E58BD8869}.Debug|x64.ActiveCfg = Debug|x64
		{A6E3B9C7-0601-4456-8935-C67E58BD8869}.Debug|x64.Build.0 = Debug|x64
		{A6E3B9C7-0601-4456-8935-C67E58BD8869}.Debug|x86.ActiveCfg = Debug|Any CPU
		{A6E3B9C7-0601-4456-8935-C67E58BD8869}.Release|Any CPU.ActiveCfg = Release|Any CPU
		{A6E3B9C7-0601-4456-8935-C67E58BD8869}.Release|Any CPU.Build.0 = Release|Any CPU
		{A6E3B9C7-0601-4456-8935-C67E58BD8869}.Release|x64.ActiveCfg = Release|x64
		{A6E3B9C7-0601-4456-8935-C67E58BD8869}.Release|x64.Build.0 = Release|x64
		{A6E3B9C7-0601-4456-8935-C67E58BD8869}.Release|x86.ActiveCfg = Release|Any CPU
		{A76FB568-B0D0-4843-B69B-2A204315B0B3}.32Bit|Any CPU.ActiveCfg = Release|Any CPU
		{A76FB568-B0D0-4843-B69B-2A204315B0B3}.32Bit|Any CPU.Build.0 = Release|Any CPU
		{A76FB568-B0D0-4843-B69B-2A204315B0B3}.32Bit|x64.ActiveCfg = Release|x64
		{A76FB568-B0D0-4843-B69B-2A204315B0B3}.32Bit|x64.Build.0 = Release|x64
		{A76FB568-B0D0-4843-B69B-2A204315B0B3}.32Bit|x86.ActiveCfg = Release|Any CPU
		{A76FB568-B0D0-4843-B69B-2A204315B0B3}.Debug|Any CPU.ActiveCfg = Debug|Any CPU
		{A76FB568-B0D0-4843-B69B-2A204315B0B3}.Debug|Any CPU.Build.0 = Debug|Any CPU
		{A76FB568-B0D0-4843-B69B-2A204315B0B3}.Debug|x64.ActiveCfg = Debug|x64
		{A76FB568-B0D0-4843-B69B-2A204315B0B3}.Debug|x64.Build.0 = Debug|x64
		{A76FB568-B0D0-4843-B69B-2A204315B0B3}.Debug|x86.ActiveCfg = Debug|Any CPU
		{A76FB568-B0D0-4843-B69B-2A204315B0B3}.Release|Any CPU.ActiveCfg = Release|Any CPU
		{A76FB568-B0D0-4843-B69B-2A204315B0B3}.Release|Any CPU.Build.0 = Release|Any CPU
		{A76FB568-B0D0-4843-B69B-2A204315B0B3}.Release|x64.ActiveCfg = Release|x64
		{A76FB568-B0D0-4843-B69B-2A204315B0B3}.Release|x64.Build.0 = Release|x64
		{A76FB568-B0D0-4843-B69B-2A204315B0B3}.Release|x86.ActiveCfg = Release|Any CPU
		{F33D29FD-1574-4393-8F05-18A301E3F971}.32Bit|Any CPU.ActiveCfg = Release|x86
		{F33D29FD-1574-4393-8F05-18A301E3F971}.32Bit|x64.ActiveCfg = Release|x64
		{F33D29FD-1574-4393-8F05-18A301E3F971}.32Bit|x64.Build.0 = Release|x64
		{F33D29FD-1574-4393-8F05-18A301E3F971}.32Bit|x86.ActiveCfg = Release|x86
		{F33D29FD-1574-4393-8F05-18A301E3F971}.32Bit|x86.Build.0 = Release|x86
		{F33D29FD-1574-4393-8F05-18A301E3F971}.Debug|Any CPU.ActiveCfg = Debug|Any CPU
		{F33D29FD-1574-4393-8F05-18A301E3F971}.Debug|Any CPU.Build.0 = Debug|Any CPU
		{F33D29FD-1574-4393-8F05-18A301E3F971}.Debug|x64.ActiveCfg = Debug|x64
		{F33D29FD-1574-4393-8F05-18A301E3F971}.Debug|x64.Build.0 = Debug|x64
		{F33D29FD-1574-4393-8F05-18A301E3F971}.Debug|x86.ActiveCfg = Debug|x86
		{F33D29FD-1574-4393-8F05-18A301E3F971}.Debug|x86.Build.0 = Debug|x86
		{F33D29FD-1574-4393-8F05-18A301E3F971}.Release|Any CPU.ActiveCfg = Release|Any CPU
		{F33D29FD-1574-4393-8F05-18A301E3F971}.Release|Any CPU.Build.0 = Release|Any CPU
		{F33D29FD-1574-4393-8F05-18A301E3F971}.Release|x64.ActiveCfg = Release|x64
		{F33D29FD-1574-4393-8F05-18A301E3F971}.Release|x64.Build.0 = Release|x64
		{F33D29FD-1574-4393-8F05-18A301E3F971}.Release|x86.ActiveCfg = Release|Any CPU
		{F33D29FD-1574-4393-8F05-18A301E3F971}.Release|x86.Build.0 = Release|Any CPU
		{1AC60C0D-BBCE-4762-A886-7F99BB86B013}.32Bit|Any CPU.ActiveCfg = Release|Any CPU
		{1AC60C0D-BBCE-4762-A886-7F99BB86B013}.32Bit|Any CPU.Build.0 = Release|Any CPU
		{1AC60C0D-BBCE-4762-A886-7F99BB86B013}.32Bit|x64.ActiveCfg = Release|x64
		{1AC60C0D-BBCE-4762-A886-7F99BB86B013}.32Bit|x64.Build.0 = Release|x64
		{1AC60C0D-BBCE-4762-A886-7F99BB86B013}.32Bit|x86.ActiveCfg = Release|Any CPU
		{1AC60C0D-BBCE-4762-A886-7F99BB86B013}.Debug|Any CPU.ActiveCfg = Debug|Any CPU
		{1AC60C0D-BBCE-4762-A886-7F99BB86B013}.Debug|Any CPU.Build.0 = Debug|Any CPU
		{1AC60C0D-BBCE-4762-A886-7F99BB86B013}.Debug|x64.ActiveCfg = Debug|x64
		{1AC60C0D-BBCE-4762-A886-7F99BB86B013}.Debug|x64.Build.0 = Debug|x64
		{1AC60C0D-BBCE-4762-A886-7F99BB86B013}.Debug|x86.ActiveCfg = Debug|Any CPU
		{1AC60C0D-BBCE-4762-A886-7F99BB86B013}.Release|Any CPU.ActiveCfg = Release|Any CPU
		{1AC60C0D-BBCE-4762-A886-7F99BB86B013}.Release|Any CPU.Build.0 = Release|Any CPU
		{1AC60C0D-BBCE-4762-A886-7F99BB86B013}.Release|x64.ActiveCfg = Release|x64
		{1AC60C0D-BBCE-4762-A886-7F99BB86B013}.Release|x64.Build.0 = Release|x64
		{1AC60C0D-BBCE-4762-A886-7F99BB86B013}.Release|x86.ActiveCfg = Release|Any CPU
		{1AC60C0D-BBCE-4762-A886-7F99BB86B013}.Release|x86.Build.0 = Release|Any CPU
		{4B714946-07D7-432F-9635-DABF659BCEB1}.32Bit|Any CPU.ActiveCfg = Release|Any CPU
		{4B714946-07D7-432F-9635-DABF659BCEB1}.32Bit|Any CPU.Build.0 = Release|Any CPU
		{4B714946-07D7-432F-9635-DABF659BCEB1}.32Bit|x64.ActiveCfg = Release|Any CPU
		{4B714946-07D7-432F-9635-DABF659BCEB1}.32Bit|x86.ActiveCfg = Release|Any CPU
		{4B714946-07D7-432F-9635-DABF659BCEB1}.Debug|Any CPU.ActiveCfg = Debug|Any CPU
		{4B714946-07D7-432F-9635-DABF659BCEB1}.Debug|Any CPU.Build.0 = Debug|Any CPU
		{4B714946-07D7-432F-9635-DABF659BCEB1}.Debug|x64.ActiveCfg = Debug|Any CPU
		{4B714946-07D7-432F-9635-DABF659BCEB1}.Debug|x86.ActiveCfg = Debug|Any CPU
		{4B714946-07D7-432F-9635-DABF659BCEB1}.Release|Any CPU.ActiveCfg = Release|Any CPU
		{4B714946-07D7-432F-9635-DABF659BCEB1}.Release|Any CPU.Build.0 = Release|Any CPU
		{4B714946-07D7-432F-9635-DABF659BCEB1}.Release|x64.ActiveCfg = Release|Any CPU
		{4B714946-07D7-432F-9635-DABF659BCEB1}.Release|x86.ActiveCfg = Release|Any CPU
	EndGlobalSection
	GlobalSection(SolutionProperties) = preSolution
		HideSolutionNode = FALSE
	EndGlobalSection
	GlobalSection(NestedProjects) = preSolution
		{A9D3112E-3B9F-4EB1-81C7-72A2C751D8E9} = {E227CB21-E655-427A-8007-812929907929}
		{6363BD14-E531-416C-A0C2-0743AA274CC8} = {E227CB21-E655-427A-8007-812929907929}
		{60802933-BD17-4A87-A3EB-0CCE1D4F34AA} = {E227CB21-E655-427A-8007-812929907929}
		{BABBD990-464F-4F7C-889E-562078E099D9} = {E227CB21-E655-427A-8007-812929907929}
		{BAE79B32-A77B-4E0D-8669-EBF134DEE9BB} = {E227CB21-E655-427A-8007-812929907929}
		{A76FB568-B0D0-4843-B69B-2A204315B0B3} = {E227CB21-E655-427A-8007-812929907929}
		{F33D29FD-1574-4393-8F05-18A301E3F971} = {397E3F98-EE70-48F2-93AA-75D0583A1765}
		{2F7E8911-4EA7-4D3B-BCC5-A41162B2C418} = {E19BA955-A087-4E91-B3E9-836D7B188569}
		{DB029211-69FC-49DB-A6C4-958830040439} = {818E6914-F527-492B-A843-2BBA0DA96F86}
		{5630E5B4-6891-4557-9E99-13A10596735A} = {818E6914-F527-492B-A843-2BBA0DA96F86}
		{1BAAF11F-196C-45B4-B401-B6C2D9DD293C} = {66CE564A-1A67-45DF-A0B4-9CF24F403B35}
		{0CA3218D-2D4F-4B62-B66D-6A171B125B13} = {66CE564A-1A67-45DF-A0B4-9CF24F403B35}
		{A6E3B9C7-0601-4456-8935-C67E58BD8869} = {66CE564A-1A67-45DF-A0B4-9CF24F403B35}
		{1AC60C0D-BBCE-4762-A886-7F99BB86B013} = {66CE564A-1A67-45DF-A0B4-9CF24F403B35}
		{4B714946-07D7-432F-9635-DABF659BCEB1} = {66CE564A-1A67-45DF-A0B4-9CF24F403B35}
	EndGlobalSection
EndGlobal
